// !$*UTF8*$!
{
	archiveVersion = 1;
	classes = {
	};
	objectVersion = 50;
	objects = {

/* Begin PBXBuildFile section */
		140BE72229D2DF6F00279566 /* EventModelOld.swift in Sources */ = {isa = PBXBuildFile; fileRef = 140BE72129D2DF6F00279566 /* EventModelOld.swift */; };
		141733CC29C4797A00D7500A /* LogoutInfo+CoreDataClass.swift in Sources */ = {isa = PBXBuildFile; fileRef = 141733CA29C4797A00D7500A /* LogoutInfo+CoreDataClass.swift */; };
		141733CD29C4797A00D7500A /* LogoutInfo+CoreDataProperties.swift in Sources */ = {isa = PBXBuildFile; fileRef = 141733CB29C4797A00D7500A /* LogoutInfo+CoreDataProperties.swift */; };
		141733CF29C529D300D7500A /* CustomerAttributesModel.swift in Sources */ = {isa = PBXBuildFile; fileRef = 141733CE29C529D300D7500A /* CustomerAttributesModel.swift */; };
		143D310F29C5375F00CB9081 /* CustomerAttributes+CoreDataClass.swift in Sources */ = {isa = PBXBuildFile; fileRef = 143D310D29C5375F00CB9081 /* CustomerAttributes+CoreDataClass.swift */; };
		143D311029C5375F00CB9081 /* CustomerAttributes+CoreDataProperties.swift in Sources */ = {isa = PBXBuildFile; fileRef = 143D310E29C5375F00CB9081 /* CustomerAttributes+CoreDataProperties.swift */; };
		1457A5A229C19D5A0016434F /* LoginModel.swift in Sources */ = {isa = PBXBuildFile; fileRef = 1457A5A129C19D5A0016434F /* LoginModel.swift */; };
		1457A5A929C2601B0016434F /* LoginInfo+CoreDataClass.swift in Sources */ = {isa = PBXBuildFile; fileRef = 1457A5A729C2601B0016434F /* LoginInfo+CoreDataClass.swift */; };
		1457A5AA29C2601B0016434F /* LoginInfo+CoreDataProperties.swift in Sources */ = {isa = PBXBuildFile; fileRef = 1457A5A829C2601B0016434F /* LoginInfo+CoreDataProperties.swift */; };
		1457A5AC29C470BB0016434F /* LogoutModel.swift in Sources */ = {isa = PBXBuildFile; fileRef = 1457A5AB29C470BB0016434F /* LogoutModel.swift */; };
		14D64FB029BEC71100DCE158 /* NewSessionModel.swift in Sources */ = {isa = PBXBuildFile; fileRef = 14D64FAF29BEC71100DCE158 /* NewSessionModel.swift */; };
		14D64FB329BED6FC00DCE158 /* NewSession+CoreDataClass.swift in Sources */ = {isa = PBXBuildFile; fileRef = 14D64FB129BED6FC00DCE158 /* NewSession+CoreDataClass.swift */; };
		14D64FB429BED6FC00DCE158 /* NewSession+CoreDataProperties.swift in Sources */ = {isa = PBXBuildFile; fileRef = 14D64FB229BED6FC00DCE158 /* NewSession+CoreDataProperties.swift */; };
		14FE95E929BACD0D008A14E3 /* DeviceInfoModel.swift in Sources */ = {isa = PBXBuildFile; fileRef = 14FE95E829BACD0D008A14E3 /* DeviceInfoModel.swift */; };
		14FE95EC29BB0341008A14E3 /* DeviceData+CoreDataClass.swift in Sources */ = {isa = PBXBuildFile; fileRef = 14FE95EA29BB0341008A14E3 /* DeviceData+CoreDataClass.swift */; };
		14FE95ED29BB0341008A14E3 /* DeviceData+CoreDataProperties.swift in Sources */ = {isa = PBXBuildFile; fileRef = 14FE95EB29BB0341008A14E3 /* DeviceData+CoreDataProperties.swift */; };
		188F20BF2D0C22E300B449B4 /* JSONDatabase.swift in Sources */ = {isa = PBXBuildFile; fileRef = 188F20BE2D0C22E300B449B4 /* JSONDatabase.swift */; };
		6B259AF224174CEF00E80A06 /* TableViewCell.swift in Sources */ = {isa = PBXBuildFile; fileRef = 6B259AF124174CEF00E80A06 /* TableViewCell.swift */; };
		6B4C2C65241781AA006C0640 /* AppInstallReceiver.swift in Sources */ = {isa = PBXBuildFile; fileRef = 6B4C2C64241781AA006C0640 /* AppInstallReceiver.swift */; };
		850F6AA32426041A00D1D65C /* Growlytics.framework in Frameworks */ = {isa = PBXBuildFile; fileRef = 852BA954240FE4520083B2CF /* Growlytics.framework */; };
		850F6AA42426041A00D1D65C /* Growlytics.framework in Embed Frameworks */ = {isa = PBXBuildFile; fileRef = 852BA954240FE4520083B2CF /* Growlytics.framework */; settings = {ATTRIBUTES = (CodeSignOnCopy, RemoveHeadersOnCopy, ); }; };
		851003B52412C18F0041EEB3 /* SqliteHelper.swift in Sources */ = {isa = PBXBuildFile; fileRef = 851003B42412C18F0041EEB3 /* SqliteHelper.swift */; };
		851D1A3724136A3B00EBEBE1 /* CommonInfo+CoreDataProperties.swift in Sources */ = {isa = PBXBuildFile; fileRef = 851D1A3324136A3B00EBEBE1 /* CommonInfo+CoreDataProperties.swift */; };
		851D1A3824136A3B00EBEBE1 /* Event+CoreDataClass.swift in Sources */ = {isa = PBXBuildFile; fileRef = 851D1A3424136A3B00EBEBE1 /* Event+CoreDataClass.swift */; };
		851D1A3924136A3B00EBEBE1 /* CommonInfo+CoreDataClass.swift in Sources */ = {isa = PBXBuildFile; fileRef = 851D1A3524136A3B00EBEBE1 /* CommonInfo+CoreDataClass.swift */; };
		851D1A3A24136A3B00EBEBE1 /* Event+CoreDataProperties.swift in Sources */ = {isa = PBXBuildFile; fileRef = 851D1A3624136A3B00EBEBE1 /* Event+CoreDataProperties.swift */; };
		851D1A3C24136BF000EBEBE1 /* CoreDataStack.swift in Sources */ = {isa = PBXBuildFile; fileRef = 851D1A3B24136BF000EBEBE1 /* CoreDataStack.swift */; };
		851D1A6424137B9800EBEBE1 /* SessionInfoModel.swift in Sources */ = {isa = PBXBuildFile; fileRef = 851D1A6324137B9800EBEBE1 /* SessionInfoModel.swift */; };
		851DE0C8241A2C9A00CA4337 /* UriUtil.swift in Sources */ = {isa = PBXBuildFile; fileRef = 851DE0C7241A2C9A00CA4337 /* UriUtil.swift */; };
		851EF03E242B3B840036A09E /* APNSMessagingService.swift in Sources */ = {isa = PBXBuildFile; fileRef = 851EF03D242B3B840036A09E /* APNSMessagingService.swift */; };
		851EF041242BDCCE0036A09E /* GrwNotification.swift in Sources */ = {isa = PBXBuildFile; fileRef = 851EF040242BDCCE0036A09E /* GrwNotification.swift */; };
		851EF043242BE3EF0036A09E /* NotificationUtil.swift in Sources */ = {isa = PBXBuildFile; fileRef = 851EF042242BE3EF0036A09E /* NotificationUtil.swift */; };
		852108502412D4D100BCDD45 /* Growlytics.xcdatamodeld in Sources */ = {isa = PBXBuildFile; fileRef = 8521084E2412D4D100BCDD45 /* Growlytics.xcdatamodeld */; };
		8525CD0D2424BB520050890C /* appTests.swift in Sources */ = {isa = PBXBuildFile; fileRef = 8525CD0B2424BB520050890C /* appTests.swift */; };
		8525CD0F2424BEEC0050890C /* Assets.xcassets in Resources */ = {isa = PBXBuildFile; fileRef = 8525CD0E2424BEEC0050890C /* Assets.xcassets */; };
		852BA95E240FE4520083B2CF /* Growlytics.framework in Frameworks */ = {isa = PBXBuildFile; fileRef = 852BA954240FE4520083B2CF /* Growlytics.framework */; };
		852BA963240FE4520083B2CF /* GrowlyticsTests.swift in Sources */ = {isa = PBXBuildFile; fileRef = 852BA962240FE4520083B2CF /* GrowlyticsTests.swift */; };
		852BA965240FE4520083B2CF /* Growlytics.h in Headers */ = {isa = PBXBuildFile; fileRef = 852BA957240FE4520083B2CF /* Growlytics.h */; settings = {ATTRIBUTES = (Public, ); }; };
		852BA975240FE5BE0083B2CF /* AppDelegate.swift in Sources */ = {isa = PBXBuildFile; fileRef = 852BA974240FE5BE0083B2CF /* AppDelegate.swift */; };
		852BA977240FE5BE0083B2CF /* SceneDelegate.swift in Sources */ = {isa = PBXBuildFile; fileRef = 852BA976240FE5BE0083B2CF /* SceneDelegate.swift */; };
		852BA97C240FE5BE0083B2CF /* Main.storyboard in Resources */ = {isa = PBXBuildFile; fileRef = 852BA97A240FE5BE0083B2CF /* Main.storyboard */; };
		852BA981240FE5C00083B2CF /* LaunchScreen.storyboard in Resources */ = {isa = PBXBuildFile; fileRef = 852BA97F240FE5C00083B2CF /* LaunchScreen.storyboard */; };
		852BA995240FEB140083B2CF /* Constants.swift in Sources */ = {isa = PBXBuildFile; fileRef = 852BA994240FEB140083B2CF /* Constants.swift */; };
		852BA997240FEE8E0083B2CF /* Logger.swift in Sources */ = {isa = PBXBuildFile; fileRef = 852BA996240FEE8E0083B2CF /* Logger.swift */; };
		852BA999240FFF8D0083B2CF /* ValidationUtil.swift in Sources */ = {isa = PBXBuildFile; fileRef = 852BA998240FFF8D0083B2CF /* ValidationUtil.swift */; };
		852BA99B24103EE30083B2CF /* Config.swift in Sources */ = {isa = PBXBuildFile; fileRef = 852BA99A24103EE30083B2CF /* Config.swift */; };
		8555382424129CD600242EF6 /* LifeCycleCallback.swift in Sources */ = {isa = PBXBuildFile; fileRef = 8555382324129CD600242EF6 /* LifeCycleCallback.swift */; };
		857E1CDC241E0F6700083A6B /* MasterVC.swift in Sources */ = {isa = PBXBuildFile; fileRef = 857E1CDA241E0F6600083A6B /* MasterVC.swift */; };
		857E1CDD241E0F6700083A6B /* DetailVC.swift in Sources */ = {isa = PBXBuildFile; fileRef = 857E1CDB241E0F6700083A6B /* DetailVC.swift */; };
		857E1CDF241E800F00083A6B /* AppInstalledHandler.swift in Sources */ = {isa = PBXBuildFile; fileRef = 857E1CDE241E800F00083A6B /* AppInstalledHandler.swift */; };
		857E1CE1241E80A600083A6B /* EventQueue.swift in Sources */ = {isa = PBXBuildFile; fileRef = 857E1CE0241E80A600083A6B /* EventQueue.swift */; };
		857E1CE3241EAC1200083A6B /* AppLaunchedHandler.swift in Sources */ = {isa = PBXBuildFile; fileRef = 857E1CE2241EAC1200083A6B /* AppLaunchedHandler.swift */; };
		859119D7241C043D00E99093 /* HttpManager.swift in Sources */ = {isa = PBXBuildFile; fileRef = 859119D6241C043D00E99093 /* HttpManager.swift */; };
		85BE1A74241164A00001BE5E /* DeviceInfo.swift in Sources */ = {isa = PBXBuildFile; fileRef = 85BE1A73241164A00001BE5E /* DeviceInfo.swift */; };
		85BE1A76241168920001BE5E /* CommonUtil.swift in Sources */ = {isa = PBXBuildFile; fileRef = 85BE1A75241168920001BE5E /* CommonUtil.swift */; };
		85BE1A782412039A0001BE5E /* Analytics.swift in Sources */ = {isa = PBXBuildFile; fileRef = 85BE1A772412039A0001BE5E /* Analytics.swift */; };
		85BE1A7A241210EB0001BE5E /* EventProcessor.swift in Sources */ = {isa = PBXBuildFile; fileRef = 85BE1A79241210EB0001BE5E /* EventProcessor.swift */; };
		85C442E92414210F000D835B /* EventModel.swift in Sources */ = {isa = PBXBuildFile; fileRef = 85C442E82414210F000D835B /* EventModel.swift */; };
		85C442EB2414F870000D835B /* TrafficSourceInfo.swift in Sources */ = {isa = PBXBuildFile; fileRef = 85C442EA2414F870000D835B /* TrafficSourceInfo.swift */; };
		85C442EE2414F93C000D835B /* Extensions.swift in Sources */ = {isa = PBXBuildFile; fileRef = 85C442ED2414F93C000D835B /* Extensions.swift */; };
		85C442F0241518A2000D835B /* StorageHelper.swift in Sources */ = {isa = PBXBuildFile; fileRef = 85C442EF241518A2000D835B /* StorageHelper.swift */; };
/* End PBXBuildFile section */

/* Begin PBXContainerItemProxy section */
		852BA95F240FE4520083B2CF /* PBXContainerItemProxy */ = {
			isa = PBXContainerItemProxy;
			containerPortal = 852BA94B240FE4520083B2CF /* Project object */;
			proxyType = 1;
			remoteGlobalIDString = 852BA953240FE4520083B2CF;
			remoteInfo = GrowlyticsSDK;
		};
		852BA988240FE5C00083B2CF /* PBXContainerItemProxy */ = {
			isa = PBXContainerItemProxy;
			containerPortal = 852BA94B240FE4520083B2CF /* Project object */;
			proxyType = 1;
			remoteGlobalIDString = 852BA971240FE5BE0083B2CF;
			remoteInfo = app;
		};
/* End PBXContainerItemProxy section */

/* Begin PBXCopyFilesBuildPhase section */
		850F6AA52426041A00D1D65C /* Embed Frameworks */ = {
			isa = PBXCopyFilesBuildPhase;
			buildActionMask = 2147483647;
			dstPath = "";
			dstSubfolderSpec = 10;
			files = (
				850F6AA42426041A00D1D65C /* Growlytics.framework in Embed Frameworks */,
			);
			name = "Embed Frameworks";
			runOnlyForDeploymentPostprocessing = 0;
		};
/* End PBXCopyFilesBuildPhase section */

/* Begin PBXFileReference section */
		140BE72129D2DF6F00279566 /* EventModelOld.swift */ = {isa = PBXFileReference; lastKnownFileType = sourcecode.swift; path = EventModelOld.swift; sourceTree = "<group>"; };
		141733CA29C4797A00D7500A /* LogoutInfo+CoreDataClass.swift */ = {isa = PBXFileReference; lastKnownFileType = sourcecode.swift; path = "LogoutInfo+CoreDataClass.swift"; sourceTree = "<group>"; };
		141733CB29C4797A00D7500A /* LogoutInfo+CoreDataProperties.swift */ = {isa = PBXFileReference; lastKnownFileType = sourcecode.swift; path = "LogoutInfo+CoreDataProperties.swift"; sourceTree = "<group>"; };
		141733CE29C529D300D7500A /* CustomerAttributesModel.swift */ = {isa = PBXFileReference; lastKnownFileType = sourcecode.swift; path = CustomerAttributesModel.swift; sourceTree = "<group>"; };
		143D310D29C5375F00CB9081 /* CustomerAttributes+CoreDataClass.swift */ = {isa = PBXFileReference; lastKnownFileType = sourcecode.swift; path = "CustomerAttributes+CoreDataClass.swift"; sourceTree = "<group>"; };
		143D310E29C5375F00CB9081 /* CustomerAttributes+CoreDataProperties.swift */ = {isa = PBXFileReference; lastKnownFileType = sourcecode.swift; path = "CustomerAttributes+CoreDataProperties.swift"; sourceTree = "<group>"; };
		1457A5A129C19D5A0016434F /* LoginModel.swift */ = {isa = PBXFileReference; lastKnownFileType = sourcecode.swift; path = LoginModel.swift; sourceTree = "<group>"; };
		1457A5A729C2601B0016434F /* LoginInfo+CoreDataClass.swift */ = {isa = PBXFileReference; lastKnownFileType = sourcecode.swift; path = "LoginInfo+CoreDataClass.swift"; sourceTree = "<group>"; };
		1457A5A829C2601B0016434F /* LoginInfo+CoreDataProperties.swift */ = {isa = PBXFileReference; lastKnownFileType = sourcecode.swift; path = "LoginInfo+CoreDataProperties.swift"; sourceTree = "<group>"; };
		1457A5AB29C470BB0016434F /* LogoutModel.swift */ = {isa = PBXFileReference; lastKnownFileType = sourcecode.swift; path = LogoutModel.swift; sourceTree = "<group>"; };
		14D64FAF29BEC71100DCE158 /* NewSessionModel.swift */ = {isa = PBXFileReference; lastKnownFileType = sourcecode.swift; path = NewSessionModel.swift; sourceTree = "<group>"; };
		14D64FB129BED6FC00DCE158 /* NewSession+CoreDataClass.swift */ = {isa = PBXFileReference; lastKnownFileType = sourcecode.swift; path = "NewSession+CoreDataClass.swift"; sourceTree = "<group>"; };
		14D64FB229BED6FC00DCE158 /* NewSession+CoreDataProperties.swift */ = {isa = PBXFileReference; lastKnownFileType = sourcecode.swift; path = "NewSession+CoreDataProperties.swift"; sourceTree = "<group>"; };
		14FE95E829BACD0D008A14E3 /* DeviceInfoModel.swift */ = {isa = PBXFileReference; lastKnownFileType = sourcecode.swift; path = DeviceInfoModel.swift; sourceTree = "<group>"; };
		14FE95EA29BB0341008A14E3 /* DeviceData+CoreDataClass.swift */ = {isa = PBXFileReference; lastKnownFileType = sourcecode.swift; path = "DeviceData+CoreDataClass.swift"; sourceTree = "<group>"; };
		14FE95EB29BB0341008A14E3 /* DeviceData+CoreDataProperties.swift */ = {isa = PBXFileReference; lastKnownFileType = sourcecode.swift; path = "DeviceData+CoreDataProperties.swift"; sourceTree = "<group>"; };
		188F20BE2D0C22E300B449B4 /* JSONDatabase.swift */ = {isa = PBXFileReference; lastKnownFileType = sourcecode.swift; path = JSONDatabase.swift; sourceTree = "<group>"; };
		6B259AF124174CEF00E80A06 /* TableViewCell.swift */ = {isa = PBXFileReference; lastKnownFileType = sourcecode.swift; path = TableViewCell.swift; sourceTree = "<group>"; };
		6B4C2C64241781AA006C0640 /* AppInstallReceiver.swift */ = {isa = PBXFileReference; lastKnownFileType = sourcecode.swift; path = AppInstallReceiver.swift; sourceTree = "<group>"; };
		851003B42412C18F0041EEB3 /* SqliteHelper.swift */ = {isa = PBXFileReference; lastKnownFileType = sourcecode.swift; path = SqliteHelper.swift; sourceTree = "<group>"; };
		851D1A3324136A3B00EBEBE1 /* CommonInfo+CoreDataProperties.swift */ = {isa = PBXFileReference; fileEncoding = 4; lastKnownFileType = sourcecode.swift; path = "CommonInfo+CoreDataProperties.swift"; sourceTree = "<group>"; };
		851D1A3424136A3B00EBEBE1 /* Event+CoreDataClass.swift */ = {isa = PBXFileReference; fileEncoding = 4; lastKnownFileType = sourcecode.swift; path = "Event+CoreDataClass.swift"; sourceTree = "<group>"; };
		851D1A3524136A3B00EBEBE1 /* CommonInfo+CoreDataClass.swift */ = {isa = PBXFileReference; fileEncoding = 4; lastKnownFileType = sourcecode.swift; path = "CommonInfo+CoreDataClass.swift"; sourceTree = "<group>"; };
		851D1A3624136A3B00EBEBE1 /* Event+CoreDataProperties.swift */ = {isa = PBXFileReference; fileEncoding = 4; lastKnownFileType = sourcecode.swift; path = "Event+CoreDataProperties.swift"; sourceTree = "<group>"; };
		851D1A3B24136BF000EBEBE1 /* CoreDataStack.swift */ = {isa = PBXFileReference; lastKnownFileType = sourcecode.swift; path = CoreDataStack.swift; sourceTree = "<group>"; };
		851D1A6324137B9800EBEBE1 /* SessionInfoModel.swift */ = {isa = PBXFileReference; fileEncoding = 4; lastKnownFileType = sourcecode.swift; path = SessionInfoModel.swift; sourceTree = "<group>"; };
		851DE0C7241A2C9A00CA4337 /* UriUtil.swift */ = {isa = PBXFileReference; lastKnownFileType = sourcecode.swift; path = UriUtil.swift; sourceTree = "<group>"; };
		851EF03D242B3B840036A09E /* APNSMessagingService.swift */ = {isa = PBXFileReference; lastKnownFileType = sourcecode.swift; path = APNSMessagingService.swift; sourceTree = "<group>"; };
		851EF03F242BCDAA0036A09E /* app.entitlements */ = {isa = PBXFileReference; lastKnownFileType = text.plist.entitlements; path = app.entitlements; sourceTree = "<group>"; };
		851EF040242BDCCE0036A09E /* GrwNotification.swift */ = {isa = PBXFileReference; lastKnownFileType = sourcecode.swift; path = GrwNotification.swift; sourceTree = "<group>"; };
		851EF042242BE3EF0036A09E /* NotificationUtil.swift */ = {isa = PBXFileReference; lastKnownFileType = sourcecode.swift; path = NotificationUtil.swift; sourceTree = "<group>"; };
		8521084F2412D4D100BCDD45 /* Growlytics.xcdatamodel */ = {isa = PBXFileReference; lastKnownFileType = wrapper.xcdatamodel; path = Growlytics.xcdatamodel; sourceTree = "<group>"; };
		8525CD0A2424BB520050890C /* Info.plist */ = {isa = PBXFileReference; fileEncoding = 4; lastKnownFileType = text.plist.xml; path = Info.plist; sourceTree = "<group>"; };
		8525CD0B2424BB520050890C /* appTests.swift */ = {isa = PBXFileReference; fileEncoding = 4; lastKnownFileType = sourcecode.swift; path = appTests.swift; sourceTree = "<group>"; };
		8525CD0E2424BEEC0050890C /* Assets.xcassets */ = {isa = PBXFileReference; lastKnownFileType = folder.assetcatalog; path = Assets.xcassets; sourceTree = "<group>"; };
		852BA954240FE4520083B2CF /* Growlytics.framework */ = {isa = PBXFileReference; explicitFileType = wrapper.framework; includeInIndex = 0; path = Growlytics.framework; sourceTree = BUILT_PRODUCTS_DIR; };
		852BA957240FE4520083B2CF /* Growlytics.h */ = {isa = PBXFileReference; lastKnownFileType = sourcecode.c.h; path = Growlytics.h; sourceTree = "<group>"; };
		852BA958240FE4520083B2CF /* Info.plist */ = {isa = PBXFileReference; lastKnownFileType = text.plist.xml; path = Info.plist; sourceTree = "<group>"; };
		852BA95D240FE4520083B2CF /* GrowlyticsTests.xctest */ = {isa = PBXFileReference; explicitFileType = wrapper.cfbundle; includeInIndex = 0; path = GrowlyticsTests.xctest; sourceTree = BUILT_PRODUCTS_DIR; };
		852BA962240FE4520083B2CF /* GrowlyticsTests.swift */ = {isa = PBXFileReference; lastKnownFileType = sourcecode.swift; path = GrowlyticsTests.swift; sourceTree = "<group>"; };
		852BA964240FE4520083B2CF /* Info.plist */ = {isa = PBXFileReference; lastKnownFileType = text.plist.xml; path = Info.plist; sourceTree = "<group>"; };
		852BA972240FE5BE0083B2CF /* app.app */ = {isa = PBXFileReference; explicitFileType = wrapper.application; includeInIndex = 0; path = app.app; sourceTree = BUILT_PRODUCTS_DIR; };
		852BA974240FE5BE0083B2CF /* AppDelegate.swift */ = {isa = PBXFileReference; lastKnownFileType = sourcecode.swift; path = AppDelegate.swift; sourceTree = "<group>"; };
		852BA976240FE5BE0083B2CF /* SceneDelegate.swift */ = {isa = PBXFileReference; lastKnownFileType = sourcecode.swift; path = SceneDelegate.swift; sourceTree = "<group>"; };
		852BA97B240FE5BE0083B2CF /* Base */ = {isa = PBXFileReference; lastKnownFileType = file.storyboard; name = Base; path = Base.lproj/Main.storyboard; sourceTree = "<group>"; };
		852BA980240FE5C00083B2CF /* Base */ = {isa = PBXFileReference; lastKnownFileType = file.storyboard; name = Base; path = Base.lproj/LaunchScreen.storyboard; sourceTree = "<group>"; };
		852BA982240FE5C00083B2CF /* Info.plist */ = {isa = PBXFileReference; lastKnownFileType = text.plist.xml; path = Info.plist; sourceTree = "<group>"; };
		852BA987240FE5C00083B2CF /* appTests.xctest */ = {isa = PBXFileReference; explicitFileType = wrapper.cfbundle; includeInIndex = 0; path = appTests.xctest; sourceTree = BUILT_PRODUCTS_DIR; };
		852BA994240FEB140083B2CF /* Constants.swift */ = {isa = PBXFileReference; lastKnownFileType = sourcecode.swift; path = Constants.swift; sourceTree = "<group>"; };
		852BA996240FEE8E0083B2CF /* Logger.swift */ = {isa = PBXFileReference; lastKnownFileType = sourcecode.swift; path = Logger.swift; sourceTree = "<group>"; };
		852BA998240FFF8D0083B2CF /* ValidationUtil.swift */ = {isa = PBXFileReference; lastKnownFileType = sourcecode.swift; path = ValidationUtil.swift; sourceTree = "<group>"; };
		852BA99A24103EE30083B2CF /* Config.swift */ = {isa = PBXFileReference; lastKnownFileType = sourcecode.swift; path = Config.swift; sourceTree = "<group>"; };
		8555382324129CD600242EF6 /* LifeCycleCallback.swift */ = {isa = PBXFileReference; lastKnownFileType = sourcecode.swift; path = LifeCycleCallback.swift; sourceTree = "<group>"; };
		857E1CDA241E0F6600083A6B /* MasterVC.swift */ = {isa = PBXFileReference; fileEncoding = 4; lastKnownFileType = sourcecode.swift; path = MasterVC.swift; sourceTree = "<group>"; };
		857E1CDB241E0F6700083A6B /* DetailVC.swift */ = {isa = PBXFileReference; fileEncoding = 4; lastKnownFileType = sourcecode.swift; path = DetailVC.swift; sourceTree = "<group>"; };
		857E1CDE241E800F00083A6B /* AppInstalledHandler.swift */ = {isa = PBXFileReference; lastKnownFileType = sourcecode.swift; path = AppInstalledHandler.swift; sourceTree = "<group>"; };
		857E1CE0241E80A600083A6B /* EventQueue.swift */ = {isa = PBXFileReference; lastKnownFileType = sourcecode.swift; path = EventQueue.swift; sourceTree = "<group>"; };
		857E1CE2241EAC1200083A6B /* AppLaunchedHandler.swift */ = {isa = PBXFileReference; lastKnownFileType = sourcecode.swift; path = AppLaunchedHandler.swift; sourceTree = "<group>"; };
		859119D6241C043D00E99093 /* HttpManager.swift */ = {isa = PBXFileReference; fileEncoding = 4; lastKnownFileType = sourcecode.swift; path = HttpManager.swift; sourceTree = "<group>"; };
		85BE1A73241164A00001BE5E /* DeviceInfo.swift */ = {isa = PBXFileReference; lastKnownFileType = sourcecode.swift; path = DeviceInfo.swift; sourceTree = "<group>"; };
		85BE1A75241168920001BE5E /* CommonUtil.swift */ = {isa = PBXFileReference; lastKnownFileType = sourcecode.swift; path = CommonUtil.swift; sourceTree = "<group>"; };
		85BE1A772412039A0001BE5E /* Analytics.swift */ = {isa = PBXFileReference; lastKnownFileType = sourcecode.swift; path = Analytics.swift; sourceTree = "<group>"; };
		85BE1A79241210EB0001BE5E /* EventProcessor.swift */ = {isa = PBXFileReference; lastKnownFileType = sourcecode.swift; path = EventProcessor.swift; sourceTree = "<group>"; };
		85C442E82414210F000D835B /* EventModel.swift */ = {isa = PBXFileReference; lastKnownFileType = sourcecode.swift; path = EventModel.swift; sourceTree = "<group>"; };
		85C442EA2414F870000D835B /* TrafficSourceInfo.swift */ = {isa = PBXFileReference; lastKnownFileType = sourcecode.swift; path = TrafficSourceInfo.swift; sourceTree = "<group>"; };
		85C442ED2414F93C000D835B /* Extensions.swift */ = {isa = PBXFileReference; fileEncoding = 4; lastKnownFileType = sourcecode.swift; path = Extensions.swift; sourceTree = "<group>"; };
		85C442EF241518A2000D835B /* StorageHelper.swift */ = {isa = PBXFileReference; lastKnownFileType = sourcecode.swift; path = StorageHelper.swift; sourceTree = "<group>"; };
/* End PBXFileReference section */

/* Begin PBXFrameworksBuildPhase section */
		852BA951240FE4520083B2CF /* Frameworks */ = {
			isa = PBXFrameworksBuildPhase;
			buildActionMask = 2147483647;
			files = (
			);
			runOnlyForDeploymentPostprocessing = 0;
		};
		852BA95A240FE4520083B2CF /* Frameworks */ = {
			isa = PBXFrameworksBuildPhase;
			buildActionMask = 2147483647;
			files = (
				852BA95E240FE4520083B2CF /* Growlytics.framework in Frameworks */,
			);
			runOnlyForDeploymentPostprocessing = 0;
		};
		852BA96F240FE5BE0083B2CF /* Frameworks */ = {
			isa = PBXFrameworksBuildPhase;
			buildActionMask = 2147483647;
			files = (
				850F6AA32426041A00D1D65C /* Growlytics.framework in Frameworks */,
			);
			runOnlyForDeploymentPostprocessing = 0;
		};
		852BA984240FE5C00083B2CF /* Frameworks */ = {
			isa = PBXFrameworksBuildPhase;
			buildActionMask = 2147483647;
			files = (
			);
			runOnlyForDeploymentPostprocessing = 0;
		};
/* End PBXFrameworksBuildPhase section */

/* Begin PBXGroup section */
		5B7D48F58A2C9A53A2EAF861 /* Pods */ = {
			isa = PBXGroup;
			children = (
			);
			path = Pods;
			sourceTree = "<group>";
		};
		851D1A3224136A3B00EBEBE1 /* DatabaseClasses */ = {
			isa = PBXGroup;
			children = (
				851D1A3B24136BF000EBEBE1 /* CoreDataStack.swift */,
				8521084E2412D4D100BCDD45 /* Growlytics.xcdatamodeld */,
				851D1A3524136A3B00EBEBE1 /* CommonInfo+CoreDataClass.swift */,
				851D1A3324136A3B00EBEBE1 /* CommonInfo+CoreDataProperties.swift */,
				851D1A3424136A3B00EBEBE1 /* Event+CoreDataClass.swift */,
				851D1A3624136A3B00EBEBE1 /* Event+CoreDataProperties.swift */,
				14FE95EA29BB0341008A14E3 /* DeviceData+CoreDataClass.swift */,
				14FE95EB29BB0341008A14E3 /* DeviceData+CoreDataProperties.swift */,
				14D64FB129BED6FC00DCE158 /* NewSession+CoreDataClass.swift */,
				14D64FB229BED6FC00DCE158 /* NewSession+CoreDataProperties.swift */,
				1457A5A729C2601B0016434F /* LoginInfo+CoreDataClass.swift */,
				1457A5A829C2601B0016434F /* LoginInfo+CoreDataProperties.swift */,
				141733CA29C4797A00D7500A /* LogoutInfo+CoreDataClass.swift */,
				141733CB29C4797A00D7500A /* LogoutInfo+CoreDataProperties.swift */,
				143D310D29C5375F00CB9081 /* CustomerAttributes+CoreDataClass.swift */,
				143D310E29C5375F00CB9081 /* CustomerAttributes+CoreDataProperties.swift */,
			);
			path = DatabaseClasses;
			sourceTree = "<group>";
		};
		851D1A6224137B9800EBEBE1 /* Models */ = {
			isa = PBXGroup;
			children = (
				851D1A6324137B9800EBEBE1 /* SessionInfoModel.swift */,
				85C442E82414210F000D835B /* EventModel.swift */,
				14FE95E829BACD0D008A14E3 /* DeviceInfoModel.swift */,
				14D64FAF29BEC71100DCE158 /* NewSessionModel.swift */,
				1457A5A129C19D5A0016434F /* LoginModel.swift */,
				1457A5AB29C470BB0016434F /* LogoutModel.swift */,
				141733CE29C529D300D7500A /* CustomerAttributesModel.swift */,
				140BE72129D2DF6F00279566 /* EventModelOld.swift */,
			);
			path = Models;
			sourceTree = "<group>";
		};
		852BA94A240FE4520083B2CF = {
			isa = PBXGroup;
			children = (
				852BA973240FE5BE0083B2CF /* app */,
				852BA98A240FE5C00083B2CF /* appTests */,
				852BA956240FE4520083B2CF /* Growlytics */,
				852BA961240FE4520083B2CF /* GrowlyticsTests */,
				852BA955240FE4520083B2CF /* Products */,
				5B7D48F58A2C9A53A2EAF861 /* Pods */,
			);
			sourceTree = "<group>";
		};
		852BA955240FE4520083B2CF /* Products */ = {
			isa = PBXGroup;
			children = (
				852BA954240FE4520083B2CF /* Growlytics.framework */,
				852BA95D240FE4520083B2CF /* GrowlyticsTests.xctest */,
				852BA972240FE5BE0083B2CF /* app.app */,
				852BA987240FE5C00083B2CF /* appTests.xctest */,
			);
			name = Products;
			sourceTree = "<group>";
		};
		852BA956240FE4520083B2CF /* Growlytics */ = {
			isa = PBXGroup;
			children = (
				852BA957240FE4520083B2CF /* Growlytics.h */,
				852BA958240FE4520083B2CF /* Info.plist */,
				8555382324129CD600242EF6 /* LifeCycleCallback.swift */,
				188F20BE2D0C22E300B449B4 /* JSONDatabase.swift */,
				85BE1A772412039A0001BE5E /* Analytics.swift */,
				6B4C2C64241781AA006C0640 /* AppInstallReceiver.swift */,
				857E1CDE241E800F00083A6B /* AppInstalledHandler.swift */,
				857E1CE2241EAC1200083A6B /* AppLaunchedHandler.swift */,
				852BA994240FEB140083B2CF /* Constants.swift */,
				85BE1A79241210EB0001BE5E /* EventProcessor.swift */,
				857E1CE0241E80A600083A6B /* EventQueue.swift */,
				851EF03D242B3B840036A09E /* APNSMessagingService.swift */,
				851EF040242BDCCE0036A09E /* GrwNotification.swift */,
				851EF042242BE3EF0036A09E /* NotificationUtil.swift */,
				852BA99A24103EE30083B2CF /* Config.swift */,
				85BE1A75241168920001BE5E /* CommonUtil.swift */,
				85BE1A73241164A00001BE5E /* DeviceInfo.swift */,
				852BA996240FEE8E0083B2CF /* Logger.swift */,
				852BA998240FFF8D0083B2CF /* ValidationUtil.swift */,
				851003B42412C18F0041EEB3 /* SqliteHelper.swift */,
				85C442EF241518A2000D835B /* StorageHelper.swift */,
				85C442EA2414F870000D835B /* TrafficSourceInfo.swift */,
				851DE0C7241A2C9A00CA4337 /* UriUtil.swift */,
				859119D6241C043D00E99093 /* HttpManager.swift */,
				851D1A6224137B9800EBEBE1 /* Models */,
				85C442EC2414F93C000D835B /* HelperClasses */,
				851D1A3224136A3B00EBEBE1 /* DatabaseClasses */,
			);
			path = Growlytics;
			sourceTree = "<group>";
		};
		852BA961240FE4520083B2CF /* GrowlyticsTests */ = {
			isa = PBXGroup;
			children = (
				852BA962240FE4520083B2CF /* GrowlyticsTests.swift */,
				852BA964240FE4520083B2CF /* Info.plist */,
			);
			path = GrowlyticsTests;
			sourceTree = "<group>";
		};
		852BA973240FE5BE0083B2CF /* app */ = {
			isa = PBXGroup;
			children = (
				851EF03F242BCDAA0036A09E /* app.entitlements */,
				852BA974240FE5BE0083B2CF /* AppDelegate.swift */,
				852BA976240FE5BE0083B2CF /* SceneDelegate.swift */,
				852BA97A240FE5BE0083B2CF /* Main.storyboard */,
				852BA97F240FE5C00083B2CF /* LaunchScreen.storyboard */,
				8525CD0E2424BEEC0050890C /* Assets.xcassets */,
				852BA982240FE5C00083B2CF /* Info.plist */,
				857E1CDA241E0F6600083A6B /* MasterVC.swift */,
				6B259AF124174CEF00E80A06 /* TableViewCell.swift */,
				857E1CDB241E0F6700083A6B /* DetailVC.swift */,
			);
			path = app;
			sourceTree = "<group>";
		};
		852BA98A240FE5C00083B2CF /* appTests */ = {
			isa = PBXGroup;
			children = (
				8525CD0B2424BB520050890C /* appTests.swift */,
				8525CD0A2424BB520050890C /* Info.plist */,
			);
			path = appTests;
			sourceTree = "<group>";
		};
		85C442EC2414F93C000D835B /* HelperClasses */ = {
			isa = PBXGroup;
			children = (
				85C442ED2414F93C000D835B /* Extensions.swift */,
			);
			path = HelperClasses;
			sourceTree = "<group>";
		};
/* End PBXGroup section */

/* Begin PBXHeadersBuildPhase section */
		852BA94F240FE4520083B2CF /* Headers */ = {
			isa = PBXHeadersBuildPhase;
			buildActionMask = 2147483647;
			files = (
				852BA965240FE4520083B2CF /* Growlytics.h in Headers */,
			);
			runOnlyForDeploymentPostprocessing = 0;
		};
/* End PBXHeadersBuildPhase section */

/* Begin PBXNativeTarget section */
		852BA953240FE4520083B2CF /* Growlytics */ = {
			isa = PBXNativeTarget;
			buildConfigurationList = 852BA968240FE4520083B2CF /* Build configuration list for PBXNativeTarget "Growlytics" */;
			buildPhases = (
				852BA94F240FE4520083B2CF /* Headers */,
				852BA950240FE4520083B2CF /* Sources */,
				852BA951240FE4520083B2CF /* Frameworks */,
				852BA952240FE4520083B2CF /* Resources */,
			);
			buildRules = (
			);
			dependencies = (
			);
			name = Growlytics;
			productName = GrowlyticsSDK;
			productReference = 852BA954240FE4520083B2CF /* Growlytics.framework */;
			productType = "com.apple.product-type.framework";
		};
		852BA95C240FE4520083B2CF /* GrowlyticsTests */ = {
			isa = PBXNativeTarget;
			buildConfigurationList = 852BA96B240FE4520083B2CF /* Build configuration list for PBXNativeTarget "GrowlyticsTests" */;
			buildPhases = (
				852BA959240FE4520083B2CF /* Sources */,
				852BA95A240FE4520083B2CF /* Frameworks */,
				852BA95B240FE4520083B2CF /* Resources */,
			);
			buildRules = (
			);
			dependencies = (
				852BA960240FE4520083B2CF /* PBXTargetDependency */,
			);
			name = GrowlyticsTests;
			productName = GrowlyticsSDKTests;
			productReference = 852BA95D240FE4520083B2CF /* GrowlyticsTests.xctest */;
			productType = "com.apple.product-type.bundle.unit-test";
		};
		852BA971240FE5BE0083B2CF /* app */ = {
			isa = PBXNativeTarget;
			buildConfigurationList = 852BA98E240FE5C00083B2CF /* Build configuration list for PBXNativeTarget "app" */;
			buildPhases = (
				852BA96E240FE5BE0083B2CF /* Sources */,
				852BA96F240FE5BE0083B2CF /* Frameworks */,
				852BA970240FE5BE0083B2CF /* Resources */,
				850F6AA52426041A00D1D65C /* Embed Frameworks */,
			);
			buildRules = (
			);
			dependencies = (
			);
			name = app;
			productName = app;
			productReference = 852BA972240FE5BE0083B2CF /* app.app */;
			productType = "com.apple.product-type.application";
		};
		852BA986240FE5C00083B2CF /* appTests */ = {
			isa = PBXNativeTarget;
			buildConfigurationList = 852BA991240FE5C00083B2CF /* Build configuration list for PBXNativeTarget "appTests" */;
			buildPhases = (
				852BA983240FE5C00083B2CF /* Sources */,
				852BA984240FE5C00083B2CF /* Frameworks */,
				852BA985240FE5C00083B2CF /* Resources */,
			);
			buildRules = (
			);
			dependencies = (
				852BA989240FE5C00083B2CF /* PBXTargetDependency */,
			);
			name = appTests;
			productName = appTests;
			productReference = 852BA987240FE5C00083B2CF /* appTests.xctest */;
			productType = "com.apple.product-type.bundle.unit-test";
		};
/* End PBXNativeTarget section */

/* Begin PBXProject section */
		852BA94B240FE4520083B2CF /* Project object */ = {
			isa = PBXProject;
			attributes = {
				LastSwiftUpdateCheck = 1120;
				LastUpgradeCheck = 1130;
				ORGANIZATIONNAME = "Growlytics Technologies Pvt Ltd";
				TargetAttributes = {
					852BA953240FE4520083B2CF = {
						CreatedOnToolsVersion = 11.2.1;
						LastSwiftMigration = 1120;
					};
					852BA95C240FE4520083B2CF = {
						CreatedOnToolsVersion = 11.2.1;
					};
					852BA971240FE5BE0083B2CF = {
						CreatedOnToolsVersion = 11.2.1;
					};
					852BA986240FE5C00083B2CF = {
						CreatedOnToolsVersion = 11.2.1;
						LastSwiftMigration = 1120;
						TestTargetID = 852BA971240FE5BE0083B2CF;
					};
				};
			};
			buildConfigurationList = 852BA94E240FE4520083B2CF /* Build configuration list for PBXProject "Growlytics" */;
			compatibilityVersion = "Xcode 9.3";
			developmentRegion = en;
			hasScannedForEncodings = 0;
			knownRegions = (
				en,
				Base,
			);
			mainGroup = 852BA94A240FE4520083B2CF;
			productRefGroup = 852BA955240FE4520083B2CF /* Products */;
			projectDirPath = "";
			projectRoot = "";
			targets = (
				852BA953240FE4520083B2CF /* Growlytics */,
				852BA95C240FE4520083B2CF /* GrowlyticsTests */,
				852BA971240FE5BE0083B2CF /* app */,
				852BA986240FE5C00083B2CF /* appTests */,
			);
		};
/* End PBXProject section */

/* Begin PBXResourcesBuildPhase section */
		852BA952240FE4520083B2CF /* Resources */ = {
			isa = PBXResourcesBuildPhase;
			buildActionMask = 2147483647;
			files = (
			);
			runOnlyForDeploymentPostprocessing = 0;
		};
		852BA95B240FE4520083B2CF /* Resources */ = {
			isa = PBXResourcesBuildPhase;
			buildActionMask = 2147483647;
			files = (
			);
			runOnlyForDeploymentPostprocessing = 0;
		};
		852BA970240FE5BE0083B2CF /* Resources */ = {
			isa = PBXResourcesBuildPhase;
			buildActionMask = 2147483647;
			files = (
				852BA981240FE5C00083B2CF /* LaunchScreen.storyboard in Resources */,
				8525CD0F2424BEEC0050890C /* Assets.xcassets in Resources */,
				852BA97C240FE5BE0083B2CF /* Main.storyboard in Resources */,
			);
			runOnlyForDeploymentPostprocessing = 0;
		};
		852BA985240FE5C00083B2CF /* Resources */ = {
			isa = PBXResourcesBuildPhase;
			buildActionMask = 2147483647;
			files = (
			);
			runOnlyForDeploymentPostprocessing = 0;
		};
/* End PBXResourcesBuildPhase section */

/* Begin PBXSourcesBuildPhase section */
		852BA950240FE4520083B2CF /* Sources */ = {
			isa = PBXSourcesBuildPhase;
			buildActionMask = 2147483647;
			files = (
				857E1CDF241E800F00083A6B /* AppInstalledHandler.swift in Sources */,
				851D1A3A24136A3B00EBEBE1 /* Event+CoreDataProperties.swift in Sources */,
				851EF03E242B3B840036A09E /* APNSMessagingService.swift in Sources */,
				14D64FB329BED6FC00DCE158 /* NewSession+CoreDataClass.swift in Sources */,
				852108502412D4D100BCDD45 /* Growlytics.xcdatamodeld in Sources */,
				852BA995240FEB140083B2CF /* Constants.swift in Sources */,
				851D1A3724136A3B00EBEBE1 /* CommonInfo+CoreDataProperties.swift in Sources */,
				141733CF29C529D300D7500A /* CustomerAttributesModel.swift in Sources */,
				1457A5AC29C470BB0016434F /* LogoutModel.swift in Sources */,
				85BE1A7A241210EB0001BE5E /* EventProcessor.swift in Sources */,
				14FE95EC29BB0341008A14E3 /* DeviceData+CoreDataClass.swift in Sources */,
				14FE95ED29BB0341008A14E3 /* DeviceData+CoreDataProperties.swift in Sources */,
				85C442E92414210F000D835B /* EventModel.swift in Sources */,
				851DE0C8241A2C9A00CA4337 /* UriUtil.swift in Sources */,
				85BE1A782412039A0001BE5E /* Analytics.swift in Sources */,
				852BA99B24103EE30083B2CF /* Config.swift in Sources */,
				141733CD29C4797A00D7500A /* LogoutInfo+CoreDataProperties.swift in Sources */,
				85BE1A76241168920001BE5E /* CommonUtil.swift in Sources */,
				141733CC29C4797A00D7500A /* LogoutInfo+CoreDataClass.swift in Sources */,
				14D64FB429BED6FC00DCE158 /* NewSession+CoreDataProperties.swift in Sources */,
				851D1A3824136A3B00EBEBE1 /* Event+CoreDataClass.swift in Sources */,
				852BA999240FFF8D0083B2CF /* ValidationUtil.swift in Sources */,
				188F20BF2D0C22E300B449B4 /* JSONDatabase.swift in Sources */,
				852BA997240FEE8E0083B2CF /* Logger.swift in Sources */,
				851003B52412C18F0041EEB3 /* SqliteHelper.swift in Sources */,
				859119D7241C043D00E99093 /* HttpManager.swift in Sources */,
				1457A5AA29C2601B0016434F /* LoginInfo+CoreDataProperties.swift in Sources */,
				143D310F29C5375F00CB9081 /* CustomerAttributes+CoreDataClass.swift in Sources */,
				85BE1A74241164A00001BE5E /* DeviceInfo.swift in Sources */,
				851D1A3C24136BF000EBEBE1 /* CoreDataStack.swift in Sources */,
				140BE72229D2DF6F00279566 /* EventModelOld.swift in Sources */,
				85C442EE2414F93C000D835B /* Extensions.swift in Sources */,
				851EF043242BE3EF0036A09E /* NotificationUtil.swift in Sources */,
				14D64FB029BEC71100DCE158 /* NewSessionModel.swift in Sources */,
				851D1A3924136A3B00EBEBE1 /* CommonInfo+CoreDataClass.swift in Sources */,
				857E1CE1241E80A600083A6B /* EventQueue.swift in Sources */,
				85C442F0241518A2000D835B /* StorageHelper.swift in Sources */,
				6B4C2C65241781AA006C0640 /* AppInstallReceiver.swift in Sources */,
				143D311029C5375F00CB9081 /* CustomerAttributes+CoreDataProperties.swift in Sources */,
				14FE95E929BACD0D008A14E3 /* DeviceInfoModel.swift in Sources */,
				851EF041242BDCCE0036A09E /* GrwNotification.swift in Sources */,
				1457A5A229C19D5A0016434F /* LoginModel.swift in Sources */,
				1457A5A929C2601B0016434F /* LoginInfo+CoreDataClass.swift in Sources */,
				857E1CE3241EAC1200083A6B /* AppLaunchedHandler.swift in Sources */,
				851D1A6424137B9800EBEBE1 /* SessionInfoModel.swift in Sources */,
				85C442EB2414F870000D835B /* TrafficSourceInfo.swift in Sources */,
				8555382424129CD600242EF6 /* LifeCycleCallback.swift in Sources */,
			);
			runOnlyForDeploymentPostprocessing = 0;
		};
		852BA959240FE4520083B2CF /* Sources */ = {
			isa = PBXSourcesBuildPhase;
			buildActionMask = 2147483647;
			files = (
				852BA963240FE4520083B2CF /* GrowlyticsTests.swift in Sources */,
			);
			runOnlyForDeploymentPostprocessing = 0;
		};
		852BA96E240FE5BE0083B2CF /* Sources */ = {
			isa = PBXSourcesBuildPhase;
			buildActionMask = 2147483647;
			files = (
				857E1CDD241E0F6700083A6B /* DetailVC.swift in Sources */,
				6B259AF224174CEF00E80A06 /* TableViewCell.swift in Sources */,
				852BA975240FE5BE0083B2CF /* AppDelegate.swift in Sources */,
				857E1CDC241E0F6700083A6B /* MasterVC.swift in Sources */,
				852BA977240FE5BE0083B2CF /* SceneDelegate.swift in Sources */,
			);
			runOnlyForDeploymentPostprocessing = 0;
		};
		852BA983240FE5C00083B2CF /* Sources */ = {
			isa = PBXSourcesBuildPhase;
			buildActionMask = 2147483647;
			files = (
				8525CD0D2424BB520050890C /* appTests.swift in Sources */,
			);
			runOnlyForDeploymentPostprocessing = 0;
		};
/* End PBXSourcesBuildPhase section */

/* Begin PBXTargetDependency section */
		852BA960240FE4520083B2CF /* PBXTargetDependency */ = {
			isa = PBXTargetDependency;
			target = 852BA953240FE4520083B2CF /* Growlytics */;
			targetProxy = 852BA95F240FE4520083B2CF /* PBXContainerItemProxy */;
		};
		852BA989240FE5C00083B2CF /* PBXTargetDependency */ = {
			isa = PBXTargetDependency;
			target = 852BA971240FE5BE0083B2CF /* app */;
			targetProxy = 852BA988240FE5C00083B2CF /* PBXContainerItemProxy */;
		};
/* End PBXTargetDependency section */

/* Begin PBXVariantGroup section */
		852BA97A240FE5BE0083B2CF /* Main.storyboard */ = {
			isa = PBXVariantGroup;
			children = (
				852BA97B240FE5BE0083B2CF /* Base */,
			);
			name = Main.storyboard;
			sourceTree = "<group>";
		};
		852BA97F240FE5C00083B2CF /* LaunchScreen.storyboard */ = {
			isa = PBXVariantGroup;
			children = (
				852BA980240FE5C00083B2CF /* Base */,
			);
			name = LaunchScreen.storyboard;
			sourceTree = "<group>";
		};
/* End PBXVariantGroup section */

/* Begin XCBuildConfiguration section */
		852BA966240FE4520083B2CF /* Debug */ = {
			isa = XCBuildConfiguration;
			buildSettings = {
				ALWAYS_SEARCH_USER_PATHS = NO;
				CLANG_ANALYZER_NONNULL = YES;
				CLANG_ANALYZER_NUMBER_OBJECT_CONVERSION = YES_AGGRESSIVE;
				CLANG_CXX_LANGUAGE_STANDARD = "gnu++14";
				CLANG_CXX_LIBRARY = "libc++";
				CLANG_ENABLE_MODULES = YES;
				CLANG_ENABLE_OBJC_ARC = YES;
				CLANG_ENABLE_OBJC_WEAK = YES;
				CLANG_WARN_BLOCK_CAPTURE_AUTORELEASING = YES;
				CLANG_WARN_BOOL_CONVERSION = YES;
				CLANG_WARN_COMMA = YES;
				CLANG_WARN_CONSTANT_CONVERSION = YES;
				CLANG_WARN_DEPRECATED_OBJC_IMPLEMENTATIONS = YES;
				CLANG_WARN_DIRECT_OBJC_ISA_USAGE = YES_ERROR;
				CLANG_WARN_DOCUMENTATION_COMMENTS = YES;
				CLANG_WARN_EMPTY_BODY = YES;
				CLANG_WARN_ENUM_CONVERSION = YES;
				CLANG_WARN_INFINITE_RECURSION = YES;
				CLANG_WARN_INT_CONVERSION = YES;
				CLANG_WARN_NON_LITERAL_NULL_CONVERSION = YES;
				CLANG_WARN_OBJC_IMPLICIT_RETAIN_SELF = YES;
				CLANG_WARN_OBJC_LITERAL_CONVERSION = YES;
				CLANG_WARN_OBJC_ROOT_CLASS = YES_ERROR;
				CLANG_WARN_RANGE_LOOP_ANALYSIS = YES;
				CLANG_WARN_STRICT_PROTOTYPES = YES;
				CLANG_WARN_SUSPICIOUS_MOVE = YES;
				CLANG_WARN_UNGUARDED_AVAILABILITY = YES_AGGRESSIVE;
				CLANG_WARN_UNREACHABLE_CODE = YES;
				CLANG_WARN__DUPLICATE_METHOD_MATCH = YES;
				COPY_PHASE_STRIP = NO;
				CURRENT_PROJECT_VERSION = 1;
				DEBUG_INFORMATION_FORMAT = dwarf;
				ENABLE_STRICT_OBJC_MSGSEND = YES;
				ENABLE_TESTABILITY = YES;
				GCC_C_LANGUAGE_STANDARD = gnu11;
				GCC_DYNAMIC_NO_PIC = NO;
				GCC_NO_COMMON_BLOCKS = YES;
				GCC_OPTIMIZATION_LEVEL = 0;
				GCC_PREPROCESSOR_DEFINITIONS = (
					"DEBUG=1",
					"$(inherited)",
				);
				GCC_WARN_64_TO_32_BIT_CONVERSION = YES;
				GCC_WARN_ABOUT_RETURN_TYPE = YES_ERROR;
				GCC_WARN_UNDECLARED_SELECTOR = YES;
				GCC_WARN_UNINITIALIZED_AUTOS = YES_AGGRESSIVE;
				GCC_WARN_UNUSED_FUNCTION = YES;
				GCC_WARN_UNUSED_VARIABLE = YES;
				IPHONEOS_DEPLOYMENT_TARGET = 10.0;
				MTL_ENABLE_DEBUG_INFO = INCLUDE_SOURCE;
				MTL_FAST_MATH = YES;
				ONLY_ACTIVE_ARCH = YES;
				SDKROOT = iphoneos;
				SWIFT_ACTIVE_COMPILATION_CONDITIONS = DEBUG;
				SWIFT_OPTIMIZATION_LEVEL = "-Onone";
				VERSIONING_SYSTEM = "apple-generic";
				VERSION_INFO_PREFIX = "";
			};
			name = Debug;
		};
		852BA967240FE4520083B2CF /* Release */ = {
			isa = XCBuildConfiguration;
			buildSettings = {
				ALWAYS_SEARCH_USER_PATHS = NO;
				CLANG_ANALYZER_NONNULL = YES;
				CLANG_ANALYZER_NUMBER_OBJECT_CONVERSION = YES_AGGRESSIVE;
				CLANG_CXX_LANGUAGE_STANDARD = "gnu++14";
				CLANG_CXX_LIBRARY = "libc++";
				CLANG_ENABLE_MODULES = YES;
				CLANG_ENABLE_OBJC_ARC = YES;
				CLANG_ENABLE_OBJC_WEAK = YES;
				CLANG_WARN_BLOCK_CAPTURE_AUTORELEASING = YES;
				CLANG_WARN_BOOL_CONVERSION = YES;
				CLANG_WARN_COMMA = YES;
				CLANG_WARN_CONSTANT_CONVERSION = YES;
				CLANG_WARN_DEPRECATED_OBJC_IMPLEMENTATIONS = YES;
				CLANG_WARN_DIRECT_OBJC_ISA_USAGE = YES_ERROR;
				CLANG_WARN_DOCUMENTATION_COMMENTS = YES;
				CLANG_WARN_EMPTY_BODY = YES;
				CLANG_WARN_ENUM_CONVERSION = YES;
				CLANG_WARN_INFINITE_RECURSION = YES;
				CLANG_WARN_INT_CONVERSION = YES;
				CLANG_WARN_NON_LITERAL_NULL_CONVERSION = YES;
				CLANG_WARN_OBJC_IMPLICIT_RETAIN_SELF = YES;
				CLANG_WARN_OBJC_LITERAL_CONVERSION = YES;
				CLANG_WARN_OBJC_ROOT_CLASS = YES_ERROR;
				CLANG_WARN_RANGE_LOOP_ANALYSIS = YES;
				CLANG_WARN_STRICT_PROTOTYPES = YES;
				CLANG_WARN_SUSPICIOUS_MOVE = YES;
				CLANG_WARN_UNGUARDED_AVAILABILITY = YES_AGGRESSIVE;
				CLANG_WARN_UNREACHABLE_CODE = YES;
				CLANG_WARN__DUPLICATE_METHOD_MATCH = YES;
				COPY_PHASE_STRIP = NO;
				CURRENT_PROJECT_VERSION = 1;
				DEBUG_INFORMATION_FORMAT = "dwarf-with-dsym";
				ENABLE_NS_ASSERTIONS = NO;
				ENABLE_STRICT_OBJC_MSGSEND = YES;
				GCC_C_LANGUAGE_STANDARD = gnu11;
				GCC_NO_COMMON_BLOCKS = YES;
				GCC_WARN_64_TO_32_BIT_CONVERSION = YES;
				GCC_WARN_ABOUT_RETURN_TYPE = YES_ERROR;
				GCC_WARN_UNDECLARED_SELECTOR = YES;
				GCC_WARN_UNINITIALIZED_AUTOS = YES_AGGRESSIVE;
				GCC_WARN_UNUSED_FUNCTION = YES;
				GCC_WARN_UNUSED_VARIABLE = YES;
				IPHONEOS_DEPLOYMENT_TARGET = 10.0;
				MTL_ENABLE_DEBUG_INFO = NO;
				MTL_FAST_MATH = YES;
				SDKROOT = iphoneos;
				SWIFT_COMPILATION_MODE = wholemodule;
				SWIFT_OPTIMIZATION_LEVEL = "-O";
				VALIDATE_PRODUCT = YES;
				VERSIONING_SYSTEM = "apple-generic";
				VERSION_INFO_PREFIX = "";
			};
			name = Release;
		};
		852BA969240FE4520083B2CF /* Debug */ = {
			isa = XCBuildConfiguration;
			buildSettings = {
				CLANG_ENABLE_MODULES = YES;
				CODE_SIGN_IDENTITY = "";
				"CODE_SIGN_IDENTITY[sdk=macosx*]" = "Apple Development";
				CODE_SIGN_STYLE = Manual;
				CURRENT_PROJECT_VERSION = 1;
				DEFINES_MODULE = YES;
				DEVELOPMENT_TEAM = "";
				DYLIB_COMPATIBILITY_VERSION = 1;
				DYLIB_CURRENT_VERSION = 1;
				DYLIB_INSTALL_NAME_BASE = "@rpath";
				INFOPLIST_FILE = Growlytics/Info.plist;
				INSTALL_PATH = "$(LOCAL_LIBRARY_DIR)/Frameworks";
				IPHONEOS_DEPLOYMENT_TARGET = 13.0;
				LD_RUNPATH_SEARCH_PATHS = (
					"$(inherited)",
					"@executable_path/Frameworks",
					"@loader_path/Frameworks",
				);
				MARKETING_VERSION = 1.0.0;
				PRODUCT_BUNDLE_IDENTIFIER = com.starinfolabs.Growlytics;
				PRODUCT_NAME = Growlytics;
				PROVISIONING_PROFILE_SPECIFIER = "";
				"PROVISIONING_PROFILE_SPECIFIER[sdk=macosx*]" = "";
				SKIP_INSTALL = YES;
				SWIFT_OPTIMIZATION_LEVEL = "-Onone";
				SWIFT_VERSION = 5.0;
				TARGETED_DEVICE_FAMILY = "1,2";
			};
			name = Debug;
		};
		852BA96A240FE4520083B2CF /* Release */ = {
			isa = XCBuildConfiguration;
			buildSettings = {
				CLANG_ENABLE_MODULES = YES;
				CODE_SIGN_IDENTITY = "";
				"CODE_SIGN_IDENTITY[sdk=macosx*]" = "Apple Development";
				CODE_SIGN_STYLE = Manual;
				CURRENT_PROJECT_VERSION = 1;
				DEFINES_MODULE = YES;
				DEVELOPMENT_TEAM = "";
				DYLIB_COMPATIBILITY_VERSION = 1;
				DYLIB_CURRENT_VERSION = 1;
				DYLIB_INSTALL_NAME_BASE = "@rpath";
				INFOPLIST_FILE = Growlytics/Info.plist;
				INSTALL_PATH = "$(LOCAL_LIBRARY_DIR)/Frameworks";
				IPHONEOS_DEPLOYMENT_TARGET = 13.0;
				LD_RUNPATH_SEARCH_PATHS = (
					"$(inherited)",
					"@executable_path/Frameworks",
					"@loader_path/Frameworks",
				);
				MARKETING_VERSION = 1.0.0;
				PRODUCT_BUNDLE_IDENTIFIER = com.starinfolabs.Growlytics;
				PRODUCT_NAME = Growlytics;
				PROVISIONING_PROFILE_SPECIFIER = "";
				"PROVISIONING_PROFILE_SPECIFIER[sdk=macosx*]" = "";
				SKIP_INSTALL = YES;
				SWIFT_VERSION = 5.0;
				TARGETED_DEVICE_FAMILY = "1,2";
			};
			name = Release;
		};
		852BA96C240FE4520083B2CF /* Debug */ = {
			isa = XCBuildConfiguration;
			buildSettings = {
				ALWAYS_EMBED_SWIFT_STANDARD_LIBRARIES = YES;
				"CODE_SIGN_IDENTITY[sdk=macosx*]" = "Apple Development";
				CODE_SIGN_STYLE = Automatic;
				DEVELOPMENT_TEAM = BC62LCM9K8;
				INFOPLIST_FILE = GrowlyticsTests/Info.plist;
				LD_RUNPATH_SEARCH_PATHS = (
					"$(inherited)",
					"@executable_path/Frameworks",
					"@loader_path/Frameworks",
				);
				PRODUCT_BUNDLE_IDENTIFIER = com.starinfolabs.GrowlyticsTests;
				PRODUCT_NAME = "$(TARGET_NAME)";
				SWIFT_VERSION = 5.0;
				TARGETED_DEVICE_FAMILY = "1,2";
			};
			name = Debug;
		};
		852BA96D240FE4520083B2CF /* Release */ = {
			isa = XCBuildConfiguration;
			buildSettings = {
				ALWAYS_EMBED_SWIFT_STANDARD_LIBRARIES = YES;
				"CODE_SIGN_IDENTITY[sdk=macosx*]" = "Apple Development";
				CODE_SIGN_STYLE = Automatic;
				DEVELOPMENT_TEAM = BC62LCM9K8;
				INFOPLIST_FILE = GrowlyticsTests/Info.plist;
				LD_RUNPATH_SEARCH_PATHS = (
					"$(inherited)",
					"@executable_path/Frameworks",
					"@loader_path/Frameworks",
				);
				PRODUCT_BUNDLE_IDENTIFIER = com.starinfolabs.GrowlyticsTests;
				PRODUCT_NAME = "$(TARGET_NAME)";
				SWIFT_VERSION = 5.0;
				TARGETED_DEVICE_FAMILY = "1,2";
			};
			name = Release;
		};
		852BA98F240FE5C00083B2CF /* Debug */ = {
			isa = XCBuildConfiguration;
			buildSettings = {
				ASSETCATALOG_COMPILER_APPICON_NAME = AppIcon;
				CODE_SIGN_ENTITLEMENTS = app/app.entitlements;
				CODE_SIGN_IDENTITY = "Apple Development";
				CODE_SIGN_STYLE = Automatic;
				DEVELOPMENT_TEAM = 3BZZ6LPRK5;
				INFOPLIST_FILE = app/Info.plist;
				IPHONEOS_DEPLOYMENT_TARGET = 13.0;
				LD_RUNPATH_SEARCH_PATHS = (
					"$(inherited)",
					"@executable_path/Frameworks",
				);
				PRODUCT_BUNDLE_IDENTIFIER = com.growlytics.sdk;
				PRODUCT_NAME = app;
				PROVISIONING_PROFILE_SPECIFIER = "";
				SWIFT_VERSION = 5.0;
				TARGETED_DEVICE_FAMILY = "1,2";
			};
			name = Debug;
		};
		852BA990240FE5C00083B2CF /* Release */ = {
			isa = XCBuildConfiguration;
			buildSettings = {
				ASSETCATALOG_COMPILER_APPICON_NAME = AppIcon;
				CODE_SIGN_ENTITLEMENTS = app/app.entitlements;
				CODE_SIGN_IDENTITY = "Apple Development";
				CODE_SIGN_STYLE = Automatic;
				DEVELOPMENT_TEAM = 3BZZ6LPRK5;
				INFOPLIST_FILE = app/Info.plist;
				IPHONEOS_DEPLOYMENT_TARGET = 13.0;
				LD_RUNPATH_SEARCH_PATHS = (
					"$(inherited)",
					"@executable_path/Frameworks",
				);
				PRODUCT_BUNDLE_IDENTIFIER = com.growlytics.sdk;
				PRODUCT_NAME = app;
				PROVISIONING_PROFILE_SPECIFIER = "";
				SWIFT_VERSION = 5.0;
				TARGETED_DEVICE_FAMILY = "1,2";
			};
			name = Release;
		};
		852BA992240FE5C00083B2CF /* Debug */ = {
			isa = XCBuildConfiguration;
			buildSettings = {
				ALWAYS_EMBED_SWIFT_STANDARD_LIBRARIES = YES;
				BUNDLE_LOADER = "$(TEST_HOST)";
				CLANG_ENABLE_MODULES = YES;
				CODE_SIGN_IDENTITY = "Apple Development";
				"CODE_SIGN_IDENTITY[sdk=macosx*]" = "Apple Development";
				CODE_SIGN_STYLE = Automatic;
				DEVELOPMENT_TEAM = BC62LCM9K8;
				INFOPLIST_FILE = appTests/Info.plist;
				IPHONEOS_DEPLOYMENT_TARGET = 13.2;
				LD_RUNPATH_SEARCH_PATHS = (
					"$(inherited)",
					"@executable_path/Frameworks",
					"@loader_path/Frameworks",
				);
				PRODUCT_BUNDLE_IDENTIFIER = com.starinfolabs.appTests;
				PRODUCT_NAME = "$(TARGET_NAME)";
				PROVISIONING_PROFILE_SPECIFIER = "";
				"PROVISIONING_PROFILE_SPECIFIER[sdk=macosx*]" = "";
				SWIFT_OPTIMIZATION_LEVEL = "-Onone";
				SWIFT_VERSION = 5.0;
				TARGETED_DEVICE_FAMILY = "1,2";
				TEST_HOST = "$(BUILT_PRODUCTS_DIR)/app.app/app";
			};
			name = Debug;
		};
		852BA993240FE5C00083B2CF /* Release */ = {
			isa = XCBuildConfiguration;
			buildSettings = {
				ALWAYS_EMBED_SWIFT_STANDARD_LIBRARIES = YES;
				BUNDLE_LOADER = "$(TEST_HOST)";
				CLANG_ENABLE_MODULES = YES;
				CODE_SIGN_IDENTITY = "Apple Development";
				"CODE_SIGN_IDENTITY[sdk=macosx*]" = "Apple Development";
				CODE_SIGN_STYLE = Automatic;
				DEVELOPMENT_TEAM = BC62LCM9K8;
				INFOPLIST_FILE = appTests/Info.plist;
				IPHONEOS_DEPLOYMENT_TARGET = 13.2;
				LD_RUNPATH_SEARCH_PATHS = (
					"$(inherited)",
					"@executable_path/Frameworks",
					"@loader_path/Frameworks",
				);
				PRODUCT_BUNDLE_IDENTIFIER = com.starinfolabs.appTests;
				PRODUCT_NAME = "$(TARGET_NAME)";
				PROVISIONING_PROFILE_SPECIFIER = "";
				"PROVISIONING_PROFILE_SPECIFIER[sdk=macosx*]" = "";
				SWIFT_VERSION = 5.0;
				TARGETED_DEVICE_FAMILY = "1,2";
				TEST_HOST = "$(BUILT_PRODUCTS_DIR)/app.app/app";
			};
			name = Release;
		};
/* End XCBuildConfiguration section */

/* Begin XCConfigurationList section */
		852BA94E240FE4520083B2CF /* Build configuration list for PBXProject "Growlytics" */ = {
			isa = XCConfigurationList;
			buildConfigurations = (
				852BA966240FE4520083B2CF /* Debug */,
				852BA967240FE4520083B2CF /* Release */,
			);
			defaultConfigurationIsVisible = 0;
			defaultConfigurationName = Release;
		};
		852BA968240FE4520083B2CF /* Build configuration list for PBXNativeTarget "Growlytics" */ = {
			isa = XCConfigurationList;
			buildConfigurations = (
				852BA969240FE4520083B2CF /* Debug */,
				852BA96A240FE4520083B2CF /* Release */,
			);
			defaultConfigurationIsVisible = 0;
			defaultConfigurationName = Release;
		};
		852BA96B240FE4520083B2CF /* Build configuration list for PBXNativeTarget "GrowlyticsTests" */ = {
			isa = XCConfigurationList;
			buildConfigurations = (
				852BA96C240FE4520083B2CF /* Debug */,
				852BA96D240FE4520083B2CF /* Release */,
			);
			defaultConfigurationIsVisible = 0;
			defaultConfigurationName = Release;
		};
		852BA98E240FE5C00083B2CF /* Build configuration list for PBXNativeTarget "app" */ = {
			isa = XCConfigurationList;
			buildConfigurations = (
				852BA98F240FE5C00083B2CF /* Debug */,
				852BA990240FE5C00083B2CF /* Release */,
			);
			defaultConfigurationIsVisible = 0;
			defaultConfigurationName = Release;
		};
		852BA991240FE5C00083B2CF /* Build configuration list for PBXNativeTarget "appTests" */ = {
			isa = XCConfigurationList;
			buildConfigurations = (
				852BA992240FE5C00083B2CF /* Debug */,
				852BA993240FE5C00083B2CF /* Release */,
			);
			defaultConfigurationIsVisible = 0;
			defaultConfigurationName = Release;
		};
/* End XCConfigurationList section */

/* Begin XCVersionGroup section */
		8521084E2412D4D100BCDD45 /* Growlytics.xcdatamodeld */ = {
			isa = XCVersionGroup;
			children = (
				8521084F2412D4D100BCDD45 /* Growlytics.xcdatamodel */,
			);
			currentVersion = 8521084F2412D4D100BCDD45 /* Growlytics.xcdatamodel */;
			path = Growlytics.xcdatamodeld;
			sourceTree = "<group>";
			versionGroupType = wrapper.xcdatamodel;
		};
/* End XCVersionGroup section */
	};
	rootObject = 852BA94B240FE4520083B2CF /* Project object */;
}
